
Microsoft Visual Studio Solution File, Format Version 12.00
# Visual Studio Version 17
VisualStudioVersion = 17.8.34525.116
MinimumVisualStudioVersion = 10.0.40219.1
Project("{FAE04EC0-301F-11D3-BF4B-00C04F79EFBC}") = "SwitchCaseDefault", "SwitchCaseDefault\SwitchCaseDefault.csproj", "{024F63C1-1FC8-472F-BEC7-6562EA1CC2EE}"
EndProject
Global
	GlobalSection(SolutionConfigurationPlatforms) = preSolution
		Debug|Any CPU = Debug|Any CPU
		Release|Any CPU = Release|Any CPU
	EndGlobalSection
	GlobalSection(ProjectConfigurationPlatforms) = postSolution
		{024F63C1-1FC8-472F-BEC7-6562EA1CC2EE}.Debug|Any CPU.ActiveCfg = Debug|Any CPU
		{024F63C1-1FC8-472F-BEC7-6562EA1CC2EE}.Debug|Any CPU.Build.0 = Debug|Any CPU
		{024F63C1-1FC8-472F-BEC7-6562EA1CC2EE}.Release|Any CPU.ActiveCfg = Release|Any CPU
		{024F63C1-1FC8-472F-BEC7-6562EA1CC2EE}.Release|Any CPU.Build.0 = Release|Any CPU
	EndGlobalSection
	GlobalSection(SolutionProperties) = preSolution
		HideSolutionNode = FALSE
	EndGlobalSection
	GlobalSection(ExtensibilityGlobals) = postSolution
		SolutionGuid = {6F2CEF35-8D82-4B6E-9A01-EA07F228E443}
	EndGlobalSection
EndGlobal
